version = 1
revision = 3
requires-python = ">=3.12"

[[package]]
name = "pyaes"
version = "1.6.1"
source = { registry = "https://pypi.org/simple" }
sdist = { url = "https://files.pythonhosted.org/packages/44/66/2c17bae31c906613795711fc78045c285048168919ace2220daa372c7d72/pyaes-1.6.1.tar.gz", hash = "sha256:02c1b1405c38d3c370b085fb952dd8bea3fadcee6411ad99f312cc129c536d8f", size = 28536, upload-time = "2017-09-20T21:17:54.23Z" }

[[package]]
name = "pyasn1"
version = "0.6.3"
source = { registry = "https://pypi.org/simple" }
sdist = { url = "https://files.pythonhosted.org/packages/5c/5f/6583902b6f79b399c9c40674ac384fd9cd77805f9e6205075f828ef11fb2/pyasn1-0.6.3.tar.gz", hash = "sha256:697a8ecd6d98891189184ca1fa05d1bb00e2f84b5977c481452050549c8a72cf", size = 148685, upload-time = "2026-03-17T01:06:53.382Z" }
wheels = [
    { url = "https://files.pythonhosted.org/packages/5d/a0/7d793dce3fa811fe047d6ae2431c672364b462850c6235ae306c0efd025f/pyasn1-0.6.3-py3-none-any.whl", hash = "sha256:a80184d120f0864a52a073acc6fc642847d0be408e7c7252f31390c0f4eadcde", size = 83997, upload-time = "2026-03-17T01:06:52.036Z" },
]

[[package]]
name = "python-dotenv"
version = "1.0.1"
source = { registry = "https://pypi.org/simple" }
sdist = { url = "https://files.pythonhosted.org/packages/bc/57/e84d88dfe0aec03b7a2d4327012c1627ab5f03652216c63d49846d7a6c58/python-dotenv-1.0.1.tar.gz", hash = "sha256:e324ee90a023d808f1959c46bcbc04446a10ced277783dc6ee09987c37ec10ca", size = 39115, upload-time = "2024-01-23T06:33:00.505Z" }
wheels = [
    { url = "https://files.pythonhosted.org/packages/6a/3e/b68c118422ec867fa7ab88444e1274aa40681c606d59ac27de5a5588f082/python_dotenv-1.0.1-py3-none-any.whl", hash = "sha256:f7b63ef50f1b690dddf550d03497b66d609393b40b564ed0d674909a68ebf16a", size = 19863, upload-time = "2024-01-23T06:32:58.246Z" },
]

[[package]]
name = "rsa"
version = "4.9.1"
source = { registry = "https://pypi.org/simple" }
dependencies = [
    { name = "pyasn1" },
]
sdist = { url = "https://files.pythonhosted.org/packages/da/8a/22b7beea3ee0d44b1916c0c1cb0ee3af23b700b6da9f04991899d0c555d4/rsa-4.9.1.tar.gz", hash = "sha256:e7bdbfdb5497da4c07dfd35530e1a902659db6ff241e39d9953cad06ebd0ae75", size = 29034, upload-time = "2025-04-16T09:51:18.218Z" }
wheels = [
    { url = "https://files.pythonhosted.org/packages/64/8d/0133e4eb4beed9e425d9a98ed6e081a55d195481b7632472be1af08d2f6b/rsa-4.9.1-py3-none-any.whl", hash = "sha256:68635866661c6836b8d39430f97a996acbd61bfa49406748ea243539fe239762", size = 34696, upload-time = "2025-04-16T09:51:17.142Z" },
]

[[package]]
name = "telethon"
version = "1.36.0"
source = { registry = "https://pypi.org/simple" }
dependencies = [
    { name = "pyaes" },
    { name = "rsa" },
]
sdist = { url = "https://files.pythonhosted.org/packages/7c/22/30ba05af24c8209f859cecccfaa5943b7a6ed39070da515b9e6b56738b20/Telethon-1.36.0.tar.gz", hash = "sha256:11db5c7ed7e37f1272d443fb7eea0f1db580d56c6949165233946fb323aaf3a7", size = 606300, upload-time = "2024-06-11T14:44:28.662Z" }

[[package]]
name = "teletrader"
version = "0.1.0"
source = { editable = "." }
dependencies = [
    { name = "python-dotenv" },
    { name = "telethon" },
]

[package.metadata]
requires-dist = [
    { name = "python-dotenv", specifier = "==1.0.1" },
    { name = "telethon", specifier = "==1.36.0" },
]
